// !$*UTF8*$!
{
	archiveVersion = 1;
	classes = {
	};
	objectVersion = 77;
	objects = {

/* Begin PBXBuildFile section */
		5C8E56132E28D712003CCE88 /* PlayTest in Frameworks */ = {isa = PBXBuildFile; productRef = 5C8E56122E28D712003CCE88 /* PlayTest */; };
/* End PBXBuildFile section */

/* Begin PBXContainerItemProxy section */
		5C8E558F2E28B680003CCE88 /* PBXContainerItemProxy */ = {
			isa = PBXContainerItemProxy;
			containerPortal = 5C8E55792E28B67F003CCE88 /* Project object */;
			proxyType = 1;
			remoteGlobalIDString = 5C8E55802E28B67F003CCE88;
			remoteInfo = testPlay;
		};
		5C8E55992E28B681003CCE88 /* PBXContainerItemProxy */ = {
			isa = PBXContainerItemProxy;
			containerPortal = 5C8E55792E28B67F003CCE88 /* Project object */;
			proxyType = 1;
			remoteGlobalIDString = 5C8E55802E28B67F003CCE88;
			remoteInfo = testPlay;
		};
/* End PBXContainerItemProxy section */

/* Begin PBXFileReference section */
		5C8E55812E28B67F003CCE88 /* testPlay.app */ = {isa = PBXFileReference; explicitFileType = wrapper.application; includeInIndex = 0; path = testPlay.app; sourceTree = BUILT_PRODUCTS_DIR; };
		5C8E558E2E28B680003CCE88 /* testPlayTests.xctest */ = {isa = PBXFileReference; explicitFileType = wrapper.cfbundle; includeInIndex = 0; path = testPlayTests.xctest; sourceTree = BUILT_PRODUCTS_DIR; };
		5C8E55982E28B681003CCE88 /* testPlayUITests.xctest */ = {isa = PBXFileReference; explicitFileType = wrapper.cfbundle; includeInIndex = 0; path = testPlayUITests.xctest; sourceTree = BUILT_PRODUCTS_DIR; };
/* End PBXFileReference section */

/* Begin PBXFileSystemSynchronizedRootGroup section */
		5C8E55832E28B67F003CCE88 /* testPlay */ = {
			isa = PBXFileSystemSynchronizedRootGroup;
			path = testPlay;
			sourceTree = "<group>";
		};
		5C8E55912E28B680003CCE88 /* testPlayTests */ = {
			isa = PBXFileSystemSynchronizedRootGroup;
			path = testPlayTests;
			sourceTree = "<group>";
		};
		5C8E559B2E28B681003CCE88 /* testPlayUITests */ = {
			isa = PBXFileSystemSynchronizedRootGroup;
			path = testPlayUITests;
			sourceTree = "<group>";
		};
/* End PBXFileSystemSynchronizedRootGroup section */

/* Begin PBXFrameworksBuildPhase section */
		5C8E557E2E28B67F003CCE88 /* Frameworks */ = {
			isa = PBXFrameworksBuildPhase;
			buildActionMask = 2147483647;
			files = (
				5C8E56132E28D712003CCE88 /* PlayTest in Frameworks */,
			);
			runOnlyForDeploymentPostprocessing = 0;
		};
		5C8E558B2E28B680003CCE88 /* Frameworks */ = {
			isa = PBXFrameworksBuildPhase;
			buildActionMask = 2147483647;
			files = (
			);
			runOnlyForDeploymentPostprocessing = 0;
		};
		5C8E55952E28B681003CCE88 /* Frameworks */ = {
			isa = PBXFrameworksBuildPhase;
			buildActionMask = 2147483647;
			files = (
			);
			runOnlyForDeploymentPostprocessing = 0;
		};
/* End PBXFrameworksBuildPhase section */

/* Begin PBXGroup section */
		5C8E55782E28B67F003CCE88 = {
			isa = PBXGroup;
			children = (
				5C8E55832E28B67F003CCE88 /* testPlay */,
				5C8E55912E28B680003CCE88 /* testPlayTests */,
				5C8E559B2E28B681003CCE88 /* testPlayUITests */,
				5C8E55822E28B67F003CCE88 /* Products */,
			);
			sourceTree = "<group>";
		};
		5C8E55822E28B67F003CCE88 /* Products */ = {
			isa = PBXGroup;
			children = (
				5C8E55812E28B67F003CCE88 /* testPlay.app */,
				5C8E558E2E28B680003CCE88 /* testPlayTests.xctest */,
				5C8E55982E28B681003CCE88 /* testPlayUITests.xctest */,
			);
			name = Products;
			sourceTree = "<group>";
		};
/* End PBXGroup section */

/* Begin PBXNativeTarget section */
		5C8E55802E28B67F003CCE88 /* testPlay */ = {
			isa = PBXNativeTarget;
			buildConfigurationList = 5C8E55A22E28B681003CCE88 /* Build configuration list for PBXNativeTarget "testPlay" */;
			buildPhases = (
				5C8E557D2E28B67F003CCE88 /* Sources */,
				5C8E557E2E28B67F003CCE88 /* Frameworks */,
				5C8E557F2E28B67F003CCE88 /* Resources */,
			);
			buildRules = (
			);
			dependencies = (
			);
			fileSystemSynchronizedGroups = (
				5C8E55832E28B67F003CCE88 /* testPlay */,
			);
			name = testPlay;
			packageProductDependencies = (
				5C8E56122E28D712003CCE88 /* PlayTest */,
			);
			productName = testPlay;
			productReference = 5C8E55812E28B67F003CCE88 /* testPlay.app */;
			productType = "com.apple.product-type.application";
		};
		5C8E558D2E28B680003CCE88 /* testPlayTests */ = {
			isa = PBXNativeTarget;
			buildConfigurationList = 5C8E55A52E28B681003CCE88 /* Build configuration list for PBXNativeTarget "testPlayTests" */;
			buildPhases = (
				5C8E558A2E28B680003CCE88 /* Sources */,
				5C8E558B2E28B680003CCE88 /* Frameworks */,
				5C8E558C2E28B680003CCE88 /* Resources */,
			);
			buildRules = (
			);
			dependencies = (
				5C8E55902E28B680003CCE88 /* PBXTargetDependency */,
			);
			fileSystemSynchronizedGroups = (
				5C8E55912E28B680003CCE88 /* testPlayTests */,
			);
			name = testPlayTests;
			packageProductDependencies = (
			);
			productName = testPlayTests;
			productReference = 5C8E558E2E28B680003CCE88 /* testPlayTests.xctest */;
			productType = "com.apple.product-type.bundle.unit-test";
		};
		5C8E55972E28B681003CCE88 /* testPlayUITests */ = {
			isa = PBXNativeTarget;
			buildConfigurationList = 5C8E55A82E28B681003CCE88 /* Build configuration list for PBXNativeTarget "testPlayUITests" */;
			buildPhases = (
				5C8E55942E28B681003CCE88 /* Sources */,
				5C8E55952E28B681003CCE88 /* Frameworks */,
				5C8E55962E28B681003CCE88 /* Resources */,
			);
			buildRules = (
			);
			dependencies = (
				5C8E559A2E28B681003CCE88 /* PBXTargetDependency */,
			);
			fileSystemSynchronizedGroups = (
				5C8E559B2E28B681003CCE88 /* testPlayUITests */,
			);
			name = testPlayUITests;
			packageProductDependencies = (
			);
			productName = testPlayUITests;
			productReference = 5C8E55982E28B681003CCE88 /* testPlayUITests.xctest */;
			productType = "com.apple.product-type.bundle.ui-testing";
		};
/* End PBXNativeTarget section */

/* Begin PBXProject section */
		5C8E55792E28B67F003CCE88 /* Project object */ = {
			isa = PBXProject;
			attributes = {
				BuildIndependentTargetsInParallel = 1;
				LastSwiftUpdateCheck = 1630;
				LastUpgradeCheck = 1630;
				TargetAttributes = {
					5C8E55802E28B67F003CCE88 = {
						CreatedOnToolsVersion = 16.3;
					};
					5C8E558D2E28B680003CCE88 = {
						CreatedOnToolsVersion = 16.3;
						TestTargetID = 5C8E55802E28B67F003CCE88;
					};
					5C8E55972E28B681003CCE88 = {
						CreatedOnToolsVersion = 16.3;
						TestTargetID = 5C8E55802E28B67F003CCE88;
					};
				};
			};
			buildConfigurationList = 5C8E557C2E28B67F003CCE88 /* Build configuration list for PBXProject "testPlay" */;
			developmentRegion = en;
			hasScannedForEncodings = 0;
			knownRegions = (
				en,
				Base,
			);
			mainGroup = 5C8E55782E28B67F003CCE88;
			minimizedProjectReferenceProxies = 1;
			packageReferences = (
				5C8E56112E28D712003CCE88 /* XCLocalSwiftPackageReference "../../../Downloads/PlayTest" */,
			);
			preferredProjectObjectVersion = 77;
			productRefGroup = 5C8E55822E28B67F003CCE88 /* Products */;
			projectDirPath = "";
			projectRoot = "";
			targets = (
				5C8E55802E28B67F003CCE88 /* testPlay */,
				5C8E558D2E28B680003CCE88 /* testPlayTests */,
				5C8E55972E28B681003CCE88 /* testPlayUITests */,
			);
		};
/* End PBXProject section */

/* Begin PBXResourcesBuildPhase section */
		5C8E557F2E28B67F003CCE88 /* Resources */ = {
			isa = PBXResourcesBuildPhase;
			buildActionMask = 2147483647;
			files = (
			);
			runOnlyForDeploymentPostprocessing = 0;
		};
		5C8E558C2E28B680003CCE88 /* Resources */ = {
			isa = PBXResourcesBuildPhase;
			buildActionMask = 2147483647;
			files = (
			);
			runOnlyForDeploymentPostprocessing = 0;
		};
		5C8E55962E28B681003CCE88 /* Resources */ = {
			isa = PBXResourcesBuildPhase;
			buildActionMask = 2147483647;
			files = (
			);
			runOnlyForDeploymentPostprocessing = 0;
		};
/* End PBXResourcesBuildPhase section */

/* Begin PBXSourcesBuildPhase section */
		5C8E557D2E28B67F003CCE88 /* Sources */ = {
			isa = PBXSourcesBuildPhase;
			buildActionMask = 2147483647;
			files = (
			);
			runOnlyForDeploymentPostprocessing = 0;
		};
		5C8E558A2E28B680003CCE88 /* Sources */ = {
			isa = PBXSourcesBuildPhase;
			buildActionMask = 2147483647;
			files = (
			);
			runOnlyForDeploymentPostprocessing = 0;
		};
		5C8E55942E28B681003CCE88 /* Sources */ = {
			isa = PBXSourcesBuildPhase;
			buildActionMask = 2147483647;
			files = (
			);
			runOnlyForDeploymentPostprocessing = 0;
		};
/* End PBXSourcesBuildPhase section */

/* Begin PBXTargetDependency section */
		5C8E55902E28B680003CCE88 /* PBXTargetDependency */ = {
			isa = PBXTargetDependency;
			target = 5C8E55802E28B67F003CCE88 /* testPlay */;
			targetProxy = 5C8E558F2E28B680003CCE88 /* PBXContainerItemProxy */;
		};
		5C8E559A2E28B681003CCE88 /* PBXTargetDependency */ = {
			isa = PBXTargetDependency;
			target = 5C8E55802E28B67F003CCE88 /* testPlay */;
			targetProxy = 5C8E55992E28B681003CCE88 /* PBXContainerItemProxy */;
		};
/* End PBXTargetDependency section */

/* Begin XCBuildConfiguration section */
		5C8E55A02E28B681003CCE88 /* Debug */ = {
			isa = XCBuildConfiguration;
			buildSettings = {
				ALWAYS_SEARCH_USER_PATHS = NO;
				ASSETCATALOG_COMPILER_GENERATE_SWIFT_ASSET_SYMBOL_EXTENSIONS = YES;
				CLANG_ANALYZER_NONNULL = YES;
				CLANG_ANALYZER_NUMBER_OBJECT_CONVERSION = YES_AGGRESSIVE;
				CLANG_CXX_LANGUAGE_STANDARD = "gnu++20";
				CLANG_ENABLE_MODULES = YES;
				CLANG_ENABLE_OBJC_ARC = YES;
				CLANG_ENABLE_OBJC_WEAK = YES;
				CLANG_WARN_BLOCK_CAPTURE_AUTORELEASING = YES;
				CLANG_WARN_BOOL_CONVERSION = YES;
				CLANG_WARN_COMMA = YES;
				CLANG_WARN_CONSTANT_CONVERSION = YES;
				CLANG_WARN_DEPRECATED_OBJC_IMPLEMENTATIONS = YES;
				CLANG_WARN_DIRECT_OBJC_ISA_USAGE = YES_ERROR;
				CLANG_WARN_DOCUMENTATION_COMMENTS = YES;
				CLANG_WARN_EMPTY_BODY = YES;
				CLANG_WARN_ENUM_CONVERSION = YES;
				CLANG_WARN_INFINITE_RECURSION = YES;
				CLANG_WARN_INT_CONVERSION = YES;
				CLANG_WARN_NON_LITERAL_NULL_CONVERSION = YES;
				CLANG_WARN_OBJC_IMPLICIT_RETAIN_SELF = YES;
				CLANG_WARN_OBJC_LITERAL_CONVERSION = YES;
				CLANG_WARN_OBJC_ROOT_CLASS = YES_ERROR;
				CLANG_WARN_QUOTED_INCLUDE_IN_FRAMEWORK_HEADER = YES;
				CLANG_WARN_RANGE_LOOP_ANALYSIS = YES;
				CLANG_WARN_STRICT_PROTOTYPES = YES;
				CLANG_WARN_SUSPICIOUS_MOVE = YES;
				CLANG_WARN_UNGUARDED_AVAILABILITY = YES_AGGRESSIVE;
				CLANG_WARN_UNREACHABLE_CODE = YES;
				CLANG_WARN__DUPLICATE_METHOD_MATCH = YES;
				COPY_PHASE_STRIP = NO;
				DEBUG_INFORMATION_FORMAT = dwarf;
				DEVELOPMENT_TEAM = KY4XDK75RG;
				ENABLE_STRICT_OBJC_MSGSEND = YES;
				ENABLE_TESTABILITY = YES;
				ENABLE_USER_SCRIPT_SANDBOXING = YES;
				GCC_C_LANGUAGE_STANDARD = gnu17;
				GCC_DYNAMIC_NO_PIC = NO;
				GCC_NO_COMMON_BLOCKS = YES;
				GCC_OPTIMIZATION_LEVEL = 0;
				GCC_PREPROCESSOR_DEFINITIONS = (
					"DEBUG=1",
					"$(inherited)",
				);
				GCC_WARN_64_TO_32_BIT_CONVERSION = YES;
				GCC_WARN_ABOUT_RETURN_TYPE = YES_ERROR;
				GCC_WARN_UNDECLARED_SELECTOR = YES;
				GCC_WARN_UNINITIALIZED_AUTOS = YES_AGGRESSIVE;
				GCC_WARN_UNUSED_FUNCTION = YES;
				GCC_WARN_UNUSED_VARIABLE = YES;
				IPHONEOS_DEPLOYMENT_TARGET = 18.4;
				LOCALIZATION_PREFERS_STRING_CATALOGS = YES;
				MTL_ENABLE_DEBUG_INFO = INCLUDE_SOURCE;
				MTL_FAST_MATH = YES;
				ONLY_ACTIVE_ARCH = YES;
				SDKROOT = iphoneos;
				SWIFT_ACTIVE_COMPILATION_CONDITIONS = "DEBUG $(inherited)";
				SWIFT_OPTIMIZATION_LEVEL = "-Onone";
			};
			name = Debug;
		};
		5C8E55A12E28B681003CCE88 /* Release */ = {
			isa = XCBuildConfiguration;
			buildSettings = {
				ALWAYS_SEARCH_USER_PATHS = NO;
				ASSETCATALOG_COMPILER_GENERATE_SWIFT_ASSET_SYMBOL_EXTENSIONS = YES;
				CLANG_ANALYZER_NONNULL = YES;
				CLANG_ANALYZER_NUMBER_OBJECT_CONVERSION = YES_AGGRESSIVE;
				CLANG_CXX_LANGUAGE_STANDARD = "gnu++20";
				CLANG_ENABLE_MODULES = YES;
				CLANG_ENABLE_OBJC_ARC = YES;
				CLANG_ENABLE_OBJC_WEAK = YES;
				CLANG_WARN_BLOCK_CAPTURE_AUTORELEASING = YES;
				CLANG_WARN_BOOL_CONVERSION = YES;
				CLANG_WARN_COMMA = YES;
				CLANG_WARN_CONSTANT_CONVERSION = YES;
				CLANG_WARN_DEPRECATED_OBJC_IMPLEMENTATIONS = YES;
				CLANG_WARN_DIRECT_OBJC_ISA_USAGE = YES_ERROR;
				CLANG_WARN_DOCUMENTATION_COMMENTS = YES;
				CLANG_WARN_EMPTY_BODY = YES;
				CLANG_WARN_ENUM_CONVERSION = YES;
				CLANG_WARN_INFINITE_RECURSION = YES;
				CLANG_WARN_INT_CONVERSION = YES;
				CLANG_WARN_NON_LITERAL_NULL_CONVERSION = YES;
				CLANG_WARN_OBJC_IMPLICIT_RETAIN_SELF = YES;
				CLANG_WARN_OBJC_LITERAL_CONVERSION = YES;
				CLANG_WARN_OBJC_ROOT_CLASS = YES_ERROR;
				CLANG_WARN_QUOTED_INCLUDE_IN_FRAMEWORK_HEADER = YES;
				CLANG_WARN_RANGE_LOOP_ANALYSIS = YES;
				CLANG_WARN_STRICT_PROTOTYPES = YES;
				CLANG_WARN_SUSPICIOUS_MOVE = YES;
				CLANG_WARN_UNGUARDED_AVAILABILITY = YES_AGGRESSIVE;
				CLANG_WARN_UNREACHABLE_CODE = YES;
				CLANG_WARN__DUPLICATE_METHOD_MATCH = YES;
				COPY_PHASE_STRIP = NO;
				DEBUG_INFORMATION_FORMAT = "dwarf-with-dsym";
				DEVELOPMENT_TEAM = KY4XDK75RG;
				ENABLE_NS_ASSERTIONS = NO;
				ENABLE_STRICT_OBJC_MSGSEND = YES;
				ENABLE_USER_SCRIPT_SANDBOXING = YES;
				GCC_C_LANGUAGE_STANDARD = gnu17;
				GCC_NO_COMMON_BLOCKS = YES;
				GCC_WARN_64_TO_32_BIT_CONVERSION = YES;
				GCC_WARN_ABOUT_RETURN_TYPE = YES_ERROR;
				GCC_WARN_UNDECLARED_SELECTOR = YES;
				GCC_WARN_UNINITIALIZED_AUTOS = YES_AGGRESSIVE;
				GCC_WARN_UNUSED_FUNCTION = YES;
				GCC_WARN_UNUSED_VARIABLE = YES;
				IPHONEOS_DEPLOYMENT_TARGET = 18.4;
				LOCALIZATION_PREFERS_STRING_CATALOGS = YES;
				MTL_ENABLE_DEBUG_INFO = NO;
				MTL_FAST_MATH = YES;
				SDKROOT = iphoneos;
				SWIFT_COMPILATION_MODE = wholemodule;
				VALIDATE_PRODUCT = YES;
			};
			name = Release;
		};
		5C8E55A32E28B681003CCE88 /* Debug */ = {
			isa = XCBuildConfiguration;
			buildSettings = {
				ASSETCATALOG_COMPILER_APPICON_NAME = AppIcon;
				ASSETCATALOG_COMPILER_GLOBAL_ACCENT_COLOR_NAME = AccentColor;
				CODE_SIGN_STYLE = Automatic;
				CURRENT_PROJECT_VERSION = 1;
				DEVELOPMENT_TEAM = KY4XDK75RG;
				ENABLE_PREVIEWS = YES;
				GENERATE_INFOPLIST_FILE = YES;
				INFOPLIST_KEY_NSCameraUsageDescription = "";
				INFOPLIST_KEY_UIApplicationSupportsIndirectInputEvents = YES;
				INFOPLIST_KEY_UILaunchScreen_Generation = YES;
				INFOPLIST_KEY_UIRequiredDeviceCapabilities = arkit;
				INFOPLIST_KEY_UIStatusBarHidden = YES;
				INFOPLIST_KEY_UISupportedInterfaceOrientations_iPad = "UIInterfaceOrientationPortrait UIInterfaceOrientationPortraitUpsideDown UIInterfaceOrientationLandscapeLeft UIInterfaceOrientationLandscapeRight";
				INFOPLIST_KEY_UISupportedInterfaceOrientations_iPhone = "UIInterfaceOrientationPortrait UIInterfaceOrientationLandscapeLeft UIInterfaceOrientationLandscapeRight";
				LD_RUNPATH_SEARCH_PATHS = (
					"$(inherited)",
					"@executable_path/Frameworks",
				);
				MARKETING_VERSION = 1.0;
				PRODUCT_BUNDLE_IDENTIFIER = com.apple.academy.testPlay;
				PRODUCT_NAME = "$(TARGET_NAME)";
				SWIFT_EMIT_LOC_STRINGS = YES;
				SWIFT_VERSION = 5.0;
				TARGETED_DEVICE_FAMILY = "1,2";
			};
			name = Debug;
		};
		5C8E55A42E28B681003CCE88 /* Release */ = {
			isa = XCBuildConfiguration;
			buildSettings = {
				ASSETCATALOG_COMPILER_APPICON_NAME = AppIcon;
				ASSETCATALOG_COMPILER_GLOBAL_ACCENT_COLOR_NAME = AccentColor;
				CODE_SIGN_STYLE = Automatic;
				CURRENT_PROJECT_VERSION = 1;
				DEVELOPMENT_TEAM = KY4XDK75RG;
				ENABLE_PREVIEWS = YES;
				GENERATE_INFOPLIST_FILE = YES;
				INFOPLIST_KEY_NSCameraUsageDescription = "";
				INFOPLIST_KEY_UIApplicationSupportsIndirectInputEvents = YES;
				INFOPLIST_KEY_UILaunchScreen_Generation = YES;
				INFOPLIST_KEY_UIRequiredDeviceCapabilities = arkit;
				INFOPLIST_KEY_UIStatusBarHidden = YES;
				INFOPLIST_KEY_UISupportedInterfaceOrientations_iPad = "UIInterfaceOrientationPortrait UIInterfaceOrientationPortraitUpsideDown UIInterfaceOrientationLandscapeLeft UIInterfaceOrientationLandscapeRight";
				INFOPLIST_KEY_UISupportedInterfaceOrientations_iPhone = "UIInterfaceOrientationPortrait UIInterfaceOrientationLandscapeLeft UIInterfaceOrientationLandscapeRight";
				LD_RUNPATH_SEARCH_PATHS = (
					"$(inherited)",
					"@executable_path/Frameworks",
				);
				MARKETING_VERSION = 1.0;
				PRODUCT_BUNDLE_IDENTIFIER = com.apple.academy.testPlay;
				PRODUCT_NAME = "$(TARGET_NAME)";
				SWIFT_EMIT_LOC_STRINGS = YES;
				SWIFT_VERSION = 5.0;
				TARGETED_DEVICE_FAMILY = "1,2";
			};
			name = Release;
		};
		5C8E55A62E28B681003CCE88 /* Debug */ = {
			isa = XCBuildConfiguration;
			buildSettings = {
				BUNDLE_LOADER = "$(TEST_HOST)";
				CODE_SIGN_STYLE = Automatic;
				CURRENT_PROJECT_VERSION = 1;
				DEVELOPMENT_TEAM = KY4XDK75RG;
				GENERATE_INFOPLIST_FILE = YES;
				IPHONEOS_DEPLOYMENT_TARGET = 18.4;
				MARKETING_VERSION = 1.0;
				PRODUCT_BUNDLE_IDENTIFIER = com.apple.academy.testPlayTests;
				PRODUCT_NAME = "$(TARGET_NAME)";
				SWIFT_EMIT_LOC_STRINGS = NO;
				SWIFT_VERSION = 5.0;
				TARGETED_DEVICE_FAMILY = "1,2";
				TEST_HOST = "$(BUILT_PRODUCTS_DIR)/testPlay.app/$(BUNDLE_EXECUTABLE_FOLDER_PATH)/testPlay";
			};
			name = Debug;
		};
		5C8E55A72E28B681003CCE88 /* Release */ = {
			isa = XCBuildConfiguration;
			buildSettings = {
				BUNDLE_LOADER = "$(TEST_HOST)";
				CODE_SIGN_STYLE = Automatic;
				CURRENT_PROJECT_VERSION = 1;
				DEVELOPMENT_TEAM = KY4XDK75RG;
				GENERATE_INFOPLIST_FILE = YES;
				IPHONEOS_DEPLOYMENT_TARGET = 18.4;
				MARKETING_VERSION = 1.0;
				PRODUCT_BUNDLE_IDENTIFIER = com.apple.academy.testPlayTests;
				PRODUCT_NAME = "$(TARGET_NAME)";
				SWIFT_EMIT_LOC_STRINGS = NO;
				SWIFT_VERSION = 5.0;
				TARGETED_DEVICE_FAMILY = "1,2";
				TEST_HOST = "$(BUILT_PRODUCTS_DIR)/testPlay.app/$(BUNDLE_EXECUTABLE_FOLDER_PATH)/testPlay";
			};
			name = Release;
		};
		5C8E55A92E28B681003CCE88 /* Debug */ = {
			isa = XCBuildConfiguration;
			buildSettings = {
				CODE_SIGN_STYLE = Automatic;
				CURRENT_PROJECT_VERSION = 1;
				DEVELOPMENT_TEAM = KY4XDK75RG;
				GENERATE_INFOPLIST_FILE = YES;
				MARKETING_VERSION = 1.0;
				PRODUCT_BUNDLE_IDENTIFIER = com.apple.academy.testPlayUITests;
				PRODUCT_NAME = "$(TARGET_NAME)";
				SWIFT_EMIT_LOC_STRINGS = NO;
				SWIFT_VERSION = 5.0;
				TARGETED_DEVICE_FAMILY = "1,2";
				TEST_TARGET_NAME = testPlay;
			};
			name = Debug;
		};
		5C8E55AA2E28B681003CCE88 /* Release */ = {
			isa = XCBuildConfiguration;
			buildSettings = {
				CODE_SIGN_STYLE = Automatic;
				CURRENT_PROJECT_VERSION = 1;
				DEVELOPMENT_TEAM = KY4XDK75RG;
				GENERATE_INFOPLIST_FILE = YES;
				MARKETING_VERSION = 1.0;
				PRODUCT_BUNDLE_IDENTIFIER = com.apple.academy.testPlayUITests;
				PRODUCT_NAME = "$(TARGET_NAME)";
				SWIFT_EMIT_LOC_STRINGS = NO;
				SWIFT_VERSION = 5.0;
				TARGETED_DEVICE_FAMILY = "1,2";
				TEST_TARGET_NAME = testPlay;
			};
			name = Release;
		};
/* End XCBuildConfiguration section */

/* Begin XCConfigurationList section */
		5C8E557C2E28B67F003CCE88 /* Build configuration list for PBXProject "testPlay" */ = {
			isa = XCConfigurationList;
			buildConfigurations = (
				5C8E55A02E28B681003CCE88 /* Debug */,
				5C8E55A12E28B681003CCE88 /* Release */,
			);
			defaultConfigurationIsVisible = 0;
			defaultConfigurationName = Release;
		};
		5C8E55A22E28B681003CCE88 /* Build configuration list for PBXNativeTarget "testPlay" */ = {
			isa = XCConfigurationList;
			buildConfigurations = (
				5C8E55A32E28B681003CCE88 /* Debug */,
				5C8E55A42E28B681003CCE88 /* Release */,
			);
			defaultConfigurationIsVisible = 0;
			defaultConfigurationName = Release;
		};
		5C8E55A52E28B681003CCE88 /* Build configuration list for PBXNativeTarget "testPlayTests" */ = {
			isa = XCConfigurationList;
			buildConfigurations = (
				5C8E55A62E28B681003CCE88 /* Debug */,
				5C8E55A72E28B681003CCE88 /* Release */,
			);
			defaultConfigurationIsVisible = 0;
			defaultConfigurationName = Release;
		};
		5C8E55A82E28B681003CCE88 /* Build configuration list for PBXNativeTarget "testPlayUITests" */ = {
			isa = XCConfigurationList;
			buildConfigurations = (
				5C8E55A92E28B681003CCE88 /* Debug */,
				5C8E55AA2E28B681003CCE88 /* Release */,
			);
			defaultConfigurationIsVisible = 0;
			defaultConfigurationName = Release;
		};
/* End XCConfigurationList section */

/* Begin XCLocalSwiftPackageReference section */
		5C8E56112E28D712003CCE88 /* XCLocalSwiftPackageReference "../../../Downloads/PlayTest" */ = {
			isa = XCLocalSwiftPackageReference;
			relativePath = ../../../Downloads/PlayTest;
		};
/* End XCLocalSwiftPackageReference section */

/* Begin XCSwiftPackageProductDependency section */
		5C8E56122E28D712003CCE88 /* PlayTest */ = {
			isa = XCSwiftPackageProductDependency;
			productName = PlayTest;
		};
/* End XCSwiftPackageProductDependency section */
	};
	rootObject = 5C8E55792E28B67F003CCE88 /* Project object */;
}
